
Microsoft Visual Studio Solution File, Format Version 12.00
# Visual Studio Version 16
VisualStudioVersion = 16.0.30413.136
MinimumVisualStudioVersion = 10.0.40219.1
Project("{FAE04EC0-301F-11D3-BF4B-00C04F79EFBC}") = "WpfApp2", "WpfApp2\WpfApp2.csproj", "{5C51A675-72C8-4B7B-8A4E-BA86DEC75CFE}"
EndProject
Global
	GlobalSection(SolutionConfigurationPlatforms) = preSolution
		Debug|Any CPU = Debug|Any CPU
		Release|Any CPU = Release|Any CPU
	EndGlobalSection
	GlobalSection(ProjectConfigurationPlatforms) = postSolution
		{5C51A675-72C8-4B7B-8A4E-BA86DEC75CFE}.Debug|Any CPU.ActiveCfg = Debug|Any CPU
		{5C51A675-72C8-4B7B-8A4E-BA86DEC75CFE}.Debug|Any CPU.Build.0 = Debug|Any CPU
		{5C51A675-72C8-4B7B-8A4E-BA86DEC75CFE}.Release|Any CPU.ActiveCfg = Release|Any CPU
		{5C51A675-72C8-4B7B-8A4E-BA86DEC75CFE}.Release|Any CPU.Build.0 = Release|Any CPU
	EndGlobalSection
	GlobalSection(SolutionProperties) = preSolution
		HideSolutionNode = FALSE
	EndGlobalSection
	GlobalSection(ExtensibilityGlobals) = postSolution
		SolutionGuid = {14CDB828-8511-4525-94F3-F6552B490AC3}
	EndGlobalSection
EndGlobal
